
Microsoft Visual Studio Solution File, Format Version 12.00
# Visual Studio 15
VisualStudioVersion = 15.0.28307.1738
MinimumVisualStudioVersion = 10.0.40219.1
Project("{FAE04EC0-301F-11D3-BF4B-00C04F79EFBC}") = "AspDotNet.FTPHelper", "AspDotNet.FTPHelper\AspDotNet.FTPHelper.csproj", "{01979E4D-8D58-48A0-BC31-B3AB2B4632ED}"
EndProject
Global
	GlobalSection(SolutionConfigurationPlatforms) = preSolution
		Debug|Any CPU = Debug|Any CPU
		Release|Any CPU = Release|Any CPU
	EndGlobalSection
	GlobalSection(ProjectConfigurationPlatforms) = postSolution
		{01979E4D-8D58-48A0-BC31-B3AB2B4632ED}.Debug|Any CPU.ActiveCfg = Debug|Any CPU
		{01979E4D-8D58-48A0-BC31-B3AB2B4632ED}.Debug|Any CPU.Build.0 = Debug|Any CPU
		{01979E4D-8D58-48A0-BC31-B3AB2B4632ED}.Release|Any CPU.ActiveCfg = Release|Any CPU
		{01979E4D-8D58-48A0-BC31-B3AB2B4632ED}.Release|Any CPU.Build.0 = Release|Any CPU
	EndGlobalSection
	GlobalSection(SolutionProperties) = preSolution
		HideSolutionNode = FALSE
	EndGlobalSection
	GlobalSection(ExtensibilityGlobals) = postSolution
		SolutionGuid = {0944899C-A7E8-48D8-9DB1-47F72C73C662}
	EndGlobalSection
EndGlobal
